
Microsoft Visual Studio Solution File, Format Version 12.00
# Visual Studio 15
VisualStudioVersion = 15.0.35213.121
MinimumVisualStudioVersion = 10.0.40219.1
Project("{FAE04EC0-301F-11D3-BF4B-00C04F79EFBC}") = "3.Soru", "3.Soru\3.Soru.csproj", "{0D1ACC86-0651-4AA5-BDC2-65B69533132F}"
EndProject
Global
	GlobalSection(SolutionConfigurationPlatforms) = preSolution
		Debug|Any CPU = Debug|Any CPU
		Release|Any CPU = Release|Any CPU
	EndGlobalSection
	GlobalSection(ProjectConfigurationPlatforms) = postSolution
		{0D1ACC86-0651-4AA5-BDC2-65B69533132F}.Debug|Any CPU.ActiveCfg = Debug|Any CPU
		{0D1ACC86-0651-4AA5-BDC2-65B69533132F}.Debug|Any CPU.Build.0 = Debug|Any CPU
		{0D1ACC86-0651-4AA5-BDC2-65B69533132F}.Release|Any CPU.ActiveCfg = Release|Any CPU
		{0D1ACC86-0651-4AA5-BDC2-65B69533132F}.Release|Any CPU.Build.0 = Release|Any CPU
	EndGlobalSection
	GlobalSection(SolutionProperties) = preSolution
		HideSolutionNode = FALSE
	EndGlobalSection
	GlobalSection(ExtensibilityGlobals) = postSolution
		SolutionGuid = {998AD983-198B-40B1-8207-53C85F583029}
	EndGlobalSection
EndGlobal
