
Microsoft Visual Studio Solution File, Format Version 12.00
# Visual Studio 15
VisualStudioVersion = 15.0.35213.121
MinimumVisualStudioVersion = 10.0.40219.1
Project("{FAE04EC0-301F-11D3-BF4B-00C04F79EFBC}") = "Enum", "Enum\Enum.csproj", "{7C90E573-24F1-4006-8B79-B0A5E54C9F87}"
EndProject
Global
	GlobalSection(SolutionConfigurationPlatforms) = preSolution
		Debug|Any CPU = Debug|Any CPU
		Release|Any CPU = Release|Any CPU
	EndGlobalSection
	GlobalSection(ProjectConfigurationPlatforms) = postSolution
		{7C90E573-24F1-4006-8B79-B0A5E54C9F87}.Debug|Any CPU.ActiveCfg = Debug|Any CPU
		{7C90E573-24F1-4006-8B79-B0A5E54C9F87}.Debug|Any CPU.Build.0 = Debug|Any CPU
		{7C90E573-24F1-4006-8B79-B0A5E54C9F87}.Release|Any CPU.ActiveCfg = Release|Any CPU
		{7C90E573-24F1-4006-8B79-B0A5E54C9F87}.Release|Any CPU.Build.0 = Release|Any CPU
	EndGlobalSection
	GlobalSection(SolutionProperties) = preSolution
		HideSolutionNode = FALSE
	EndGlobalSection
	GlobalSection(ExtensibilityGlobals) = postSolution
		SolutionGuid = {44E10EE2-6B01-4C15-A93F-91E24AEB6CBC}
	EndGlobalSection
EndGlobal
