
Microsoft Visual Studio Solution File, Format Version 12.00
# Visual Studio 15
VisualStudioVersion = 15.0.35213.121
MinimumVisualStudioVersion = 10.0.40219.1
Project("{FAE04EC0-301F-11D3-BF4B-00C04F79EFBC}") = "5.Soru", "5.Soru\5.Soru.csproj", "{EE9BC3F4-E467-4CC3-B259-A037BDF00AB3}"
EndProject
Global
	GlobalSection(SolutionConfigurationPlatforms) = preSolution
		Debug|Any CPU = Debug|Any CPU
		Release|Any CPU = Release|Any CPU
	EndGlobalSection
	GlobalSection(ProjectConfigurationPlatforms) = postSolution
		{EE9BC3F4-E467-4CC3-B259-A037BDF00AB3}.Debug|Any CPU.ActiveCfg = Debug|Any CPU
		{EE9BC3F4-E467-4CC3-B259-A037BDF00AB3}.Debug|Any CPU.Build.0 = Debug|Any CPU
		{EE9BC3F4-E467-4CC3-B259-A037BDF00AB3}.Release|Any CPU.ActiveCfg = Release|Any CPU
		{EE9BC3F4-E467-4CC3-B259-A037BDF00AB3}.Release|Any CPU.Build.0 = Release|Any CPU
	EndGlobalSection
	GlobalSection(SolutionProperties) = preSolution
		HideSolutionNode = FALSE
	EndGlobalSection
	GlobalSection(ExtensibilityGlobals) = postSolution
		SolutionGuid = {ABEA02BF-B73A-45FA-BD74-E54194917220}
	EndGlobalSection
EndGlobal
