
Microsoft Visual Studio Solution File, Format Version 12.00
# Visual Studio 15
VisualStudioVersion = 15.0.35213.121
MinimumVisualStudioVersion = 10.0.40219.1
Project("{FAE04EC0-301F-11D3-BF4B-00C04F79EFBC}") = "2.Soru", "2.Soru\2.Soru.csproj", "{7A67D9B1-E9C6-43D0-B5A4-6EB2C4C1935A}"
EndProject
Global
	GlobalSection(SolutionConfigurationPlatforms) = preSolution
		Debug|Any CPU = Debug|Any CPU
		Release|Any CPU = Release|Any CPU
	EndGlobalSection
	GlobalSection(ProjectConfigurationPlatforms) = postSolution
		{7A67D9B1-E9C6-43D0-B5A4-6EB2C4C1935A}.Debug|Any CPU.ActiveCfg = Debug|Any CPU
		{7A67D9B1-E9C6-43D0-B5A4-6EB2C4C1935A}.Debug|Any CPU.Build.0 = Debug|Any CPU
		{7A67D9B1-E9C6-43D0-B5A4-6EB2C4C1935A}.Release|Any CPU.ActiveCfg = Release|Any CPU
		{7A67D9B1-E9C6-43D0-B5A4-6EB2C4C1935A}.Release|Any CPU.Build.0 = Release|Any CPU
	EndGlobalSection
	GlobalSection(SolutionProperties) = preSolution
		HideSolutionNode = FALSE
	EndGlobalSection
	GlobalSection(ExtensibilityGlobals) = postSolution
		SolutionGuid = {B199C0CA-B6E4-4C23-8FC0-3D0325DEC1D8}
	EndGlobalSection
EndGlobal
