
Microsoft Visual Studio Solution File, Format Version 12.00
# Visual Studio 15
VisualStudioVersion = 15.0.35213.121
MinimumVisualStudioVersion = 10.0.40219.1
Project("{FAE04EC0-301F-11D3-BF4B-00C04F79EFBC}") = "1.Soru", "1.Soru\1.Soru.csproj", "{6A8EF5E5-80BE-4E21-A439-5C364A0F3EE4}"
EndProject
Global
	GlobalSection(SolutionConfigurationPlatforms) = preSolution
		Debug|Any CPU = Debug|Any CPU
		Release|Any CPU = Release|Any CPU
	EndGlobalSection
	GlobalSection(ProjectConfigurationPlatforms) = postSolution
		{6A8EF5E5-80BE-4E21-A439-5C364A0F3EE4}.Debug|Any CPU.ActiveCfg = Debug|Any CPU
		{6A8EF5E5-80BE-4E21-A439-5C364A0F3EE4}.Debug|Any CPU.Build.0 = Debug|Any CPU
		{6A8EF5E5-80BE-4E21-A439-5C364A0F3EE4}.Release|Any CPU.ActiveCfg = Release|Any CPU
		{6A8EF5E5-80BE-4E21-A439-5C364A0F3EE4}.Release|Any CPU.Build.0 = Release|Any CPU
	EndGlobalSection
	GlobalSection(SolutionProperties) = preSolution
		HideSolutionNode = FALSE
	EndGlobalSection
	GlobalSection(ExtensibilityGlobals) = postSolution
		SolutionGuid = {F35DFB4F-9C96-4A39-9335-0E5DC2A14DBB}
	EndGlobalSection
EndGlobal
