
Microsoft Visual Studio Solution File, Format Version 12.00
# Visual Studio 15
VisualStudioVersion = 15.0.35213.121
MinimumVisualStudioVersion = 10.0.40219.1
Project("{FAE04EC0-301F-11D3-BF4B-00C04F79EFBC}") = "Person_UML1", "Person_UML1\Person_UML1.csproj", "{2979F7AF-3E46-461B-931B-0BDDDD3315FA}"
EndProject
Global
	GlobalSection(SolutionConfigurationPlatforms) = preSolution
		Debug|Any CPU = Debug|Any CPU
		Release|Any CPU = Release|Any CPU
	EndGlobalSection
	GlobalSection(ProjectConfigurationPlatforms) = postSolution
		{2979F7AF-3E46-461B-931B-0BDDDD3315FA}.Debug|Any CPU.ActiveCfg = Debug|Any CPU
		{2979F7AF-3E46-461B-931B-0BDDDD3315FA}.Debug|Any CPU.Build.0 = Debug|Any CPU
		{2979F7AF-3E46-461B-931B-0BDDDD3315FA}.Release|Any CPU.ActiveCfg = Release|Any CPU
		{2979F7AF-3E46-461B-931B-0BDDDD3315FA}.Release|Any CPU.Build.0 = Release|Any CPU
	EndGlobalSection
	GlobalSection(SolutionProperties) = preSolution
		HideSolutionNode = FALSE
	EndGlobalSection
	GlobalSection(ExtensibilityGlobals) = postSolution
		SolutionGuid = {A9E925A5-84D7-47E0-A922-DAB726C39A0E}
	EndGlobalSection
EndGlobal
