
Microsoft Visual Studio Solution File, Format Version 12.00
# Visual Studio 15
VisualStudioVersion = 15.0.35213.121
MinimumVisualStudioVersion = 10.0.40219.1
Project("{FAE04EC0-301F-11D3-BF4B-00C04F79EFBC}") = "Flappy Bird", "Flappy Bird\Flappy Bird.csproj", "{863ED176-79B0-493A-A49F-5BCEA6EDEA6D}"
EndProject
Global
	GlobalSection(SolutionConfigurationPlatforms) = preSolution
		Debug|Any CPU = Debug|Any CPU
		Release|Any CPU = Release|Any CPU
	EndGlobalSection
	GlobalSection(ProjectConfigurationPlatforms) = postSolution
		{863ED176-79B0-493A-A49F-5BCEA6EDEA6D}.Debug|Any CPU.ActiveCfg = Debug|Any CPU
		{863ED176-79B0-493A-A49F-5BCEA6EDEA6D}.Debug|Any CPU.Build.0 = Debug|Any CPU
		{863ED176-79B0-493A-A49F-5BCEA6EDEA6D}.Release|Any CPU.ActiveCfg = Release|Any CPU
		{863ED176-79B0-493A-A49F-5BCEA6EDEA6D}.Release|Any CPU.Build.0 = Release|Any CPU
	EndGlobalSection
	GlobalSection(SolutionProperties) = preSolution
		HideSolutionNode = FALSE
	EndGlobalSection
	GlobalSection(ExtensibilityGlobals) = postSolution
		SolutionGuid = {E547228D-B87D-4CC8-9349-9F367C45E38B}
	EndGlobalSection
EndGlobal
