
Microsoft Visual Studio Solution File, Format Version 12.00
# Visual Studio 15
VisualStudioVersion = 15.0.35213.121
MinimumVisualStudioVersion = 10.0.40219.1
Project("{FAE04EC0-301F-11D3-BF4B-00C04F79EFBC}") = "4.Soru", "4.Soru\4.Soru.csproj", "{CA7C5F5A-08D7-4CDB-A497-BE35004E1123}"
EndProject
Global
	GlobalSection(SolutionConfigurationPlatforms) = preSolution
		Debug|Any CPU = Debug|Any CPU
		Release|Any CPU = Release|Any CPU
	EndGlobalSection
	GlobalSection(ProjectConfigurationPlatforms) = postSolution
		{CA7C5F5A-08D7-4CDB-A497-BE35004E1123}.Debug|Any CPU.ActiveCfg = Debug|Any CPU
		{CA7C5F5A-08D7-4CDB-A497-BE35004E1123}.Debug|Any CPU.Build.0 = Debug|Any CPU
		{CA7C5F5A-08D7-4CDB-A497-BE35004E1123}.Release|Any CPU.ActiveCfg = Release|Any CPU
		{CA7C5F5A-08D7-4CDB-A497-BE35004E1123}.Release|Any CPU.Build.0 = Release|Any CPU
	EndGlobalSection
	GlobalSection(SolutionProperties) = preSolution
		HideSolutionNode = FALSE
	EndGlobalSection
	GlobalSection(ExtensibilityGlobals) = postSolution
		SolutionGuid = {BE89FC5E-9121-4F03-9A81-2617ACAF5020}
	EndGlobalSection
EndGlobal
