
Microsoft Visual Studio Solution File, Format Version 12.00
# Visual Studio 15
VisualStudioVersion = 15.0.35213.121
MinimumVisualStudioVersion = 10.0.40219.1
Project("{FAE04EC0-301F-11D3-BF4B-00C04F79EFBC}") = "Tek_Yonlu_Iliski", "Tek_Yonlu_Iliski\Tek_Yonlu_Iliski.csproj", "{A2CB3F34-8922-4F34-A2F6-9FA04075AA31}"
EndProject
Global
	GlobalSection(SolutionConfigurationPlatforms) = preSolution
		Debug|Any CPU = Debug|Any CPU
		Release|Any CPU = Release|Any CPU
	EndGlobalSection
	GlobalSection(ProjectConfigurationPlatforms) = postSolution
		{A2CB3F34-8922-4F34-A2F6-9FA04075AA31}.Debug|Any CPU.ActiveCfg = Debug|Any CPU
		{A2CB3F34-8922-4F34-A2F6-9FA04075AA31}.Debug|Any CPU.Build.0 = Debug|Any CPU
		{A2CB3F34-8922-4F34-A2F6-9FA04075AA31}.Release|Any CPU.ActiveCfg = Release|Any CPU
		{A2CB3F34-8922-4F34-A2F6-9FA04075AA31}.Release|Any CPU.Build.0 = Release|Any CPU
	EndGlobalSection
	GlobalSection(SolutionProperties) = preSolution
		HideSolutionNode = FALSE
	EndGlobalSection
	GlobalSection(ExtensibilityGlobals) = postSolution
		SolutionGuid = {635607FE-AD09-4815-A917-639CEDEBCF90}
	EndGlobalSection
EndGlobal
