
Microsoft Visual Studio Solution File, Format Version 12.00
# Visual Studio 15
VisualStudioVersion = 15.0.35213.121
MinimumVisualStudioVersion = 10.0.40219.1
Project("{FAE04EC0-301F-11D3-BF4B-00C04F79EFBC}") = "6. soru", "6. soru\6. soru.csproj", "{0C07C86F-1266-40CA-87EA-11E7F6A05673}"
EndProject
Global
	GlobalSection(SolutionConfigurationPlatforms) = preSolution
		Debug|Any CPU = Debug|Any CPU
		Release|Any CPU = Release|Any CPU
	EndGlobalSection
	GlobalSection(ProjectConfigurationPlatforms) = postSolution
		{0C07C86F-1266-40CA-87EA-11E7F6A05673}.Debug|Any CPU.ActiveCfg = Debug|Any CPU
		{0C07C86F-1266-40CA-87EA-11E7F6A05673}.Debug|Any CPU.Build.0 = Debug|Any CPU
		{0C07C86F-1266-40CA-87EA-11E7F6A05673}.Release|Any CPU.ActiveCfg = Release|Any CPU
		{0C07C86F-1266-40CA-87EA-11E7F6A05673}.Release|Any CPU.Build.0 = Release|Any CPU
	EndGlobalSection
	GlobalSection(SolutionProperties) = preSolution
		HideSolutionNode = FALSE
	EndGlobalSection
	GlobalSection(ExtensibilityGlobals) = postSolution
		SolutionGuid = {DE6F1611-04C7-468E-8F6F-8AA5AD07D336}
	EndGlobalSection
EndGlobal
